
Microsoft Visual Studio Solution File, Format Version 12.00
# Visual Studio Version 17
VisualStudioVersion = 17.4.33110.190
MinimumVisualStudioVersion = 10.0.40219.1
Project("{FAE04EC0-301F-11D3-BF4B-00C04F79EFBC}") = "UnitOfWorkDemo", "UnitOfWorkDemo\UnitOfWorkDemo.csproj", "{16A1EAF4-1ED0-47FB-B8B4-5706CA6E1C31}"
EndProject
Global
	GlobalSection(SolutionConfigurationPlatforms) = preSolution
		Debug|Any CPU = Debug|Any CPU
		Release|Any CPU = Release|Any CPU
	EndGlobalSection
	GlobalSection(ProjectConfigurationPlatforms) = postSolution
		{16A1EAF4-1ED0-47FB-B8B4-5706CA6E1C31}.Debug|Any CPU.ActiveCfg = Debug|Any CPU
		{16A1EAF4-1ED0-47FB-B8B4-5706CA6E1C31}.Debug|Any CPU.Build.0 = Debug|Any CPU
		{16A1EAF4-1ED0-47FB-B8B4-5706CA6E1C31}.Release|Any CPU.ActiveCfg = Release|Any CPU
		{16A1EAF4-1ED0-47FB-B8B4-5706CA6E1C31}.Release|Any CPU.Build.0 = Release|Any CPU
	EndGlobalSection
	GlobalSection(SolutionProperties) = preSolution
		HideSolutionNode = FALSE
	EndGlobalSection
	GlobalSection(ExtensibilityGlobals) = postSolution
		SolutionGuid = {250A224E-3D42-4B32-B033-8889A57407E7}
	EndGlobalSection
EndGlobal
